
Microsoft Visual Studio Solution File, Format Version 12.00
# Visual Studio Version 16
VisualStudioVersion = 16.0.31205.134
MinimumVisualStudioVersion = 10.0.40219.1
Project("{FAE04EC0-301F-11D3-BF4B-00C04F79EFBC}") = "test333333", "test333333\test333333.csproj", "{29FE686B-E635-46DC-AD9F-32EEB7B13C6A}"
EndProject
Global
	GlobalSection(SolutionConfigurationPlatforms) = preSolution
		Debug|Any CPU = Debug|Any CPU
		Release|Any CPU = Release|Any CPU
	EndGlobalSection
	GlobalSection(ProjectConfigurationPlatforms) = postSolution
		{29FE686B-E635-46DC-AD9F-32EEB7B13C6A}.Debug|Any CPU.ActiveCfg = Debug|Any CPU
		{29FE686B-E635-46DC-AD9F-32EEB7B13C6A}.Debug|Any CPU.Build.0 = Debug|Any CPU
		{29FE686B-E635-46DC-AD9F-32EEB7B13C6A}.Release|Any CPU.ActiveCfg = Release|Any CPU
		{29FE686B-E635-46DC-AD9F-32EEB7B13C6A}.Release|Any CPU.Build.0 = Release|Any CPU
	EndGlobalSection
	GlobalSection(SolutionProperties) = preSolution
		HideSolutionNode = FALSE
	EndGlobalSection
	GlobalSection(ExtensibilityGlobals) = postSolution
		SolutionGuid = {B34A24AF-F2CB-4282-8760-80626F7EEAEA}
	EndGlobalSection
EndGlobal
